
Microsoft Visual Studio Solution File, Format Version 12.00
# Visual Studio Version 16
VisualStudioVersion = 16.0.31911.196
MinimumVisualStudioVersion = 10.0.40219.1
Project("{FAE04EC0-301F-11D3-BF4B-00C04F79EFBC}") = "FarManager", "FarManager\FarManager.csproj", "{F209BB5A-A50E-4FC6-9138-068D32F75FF8}"
EndProject
Global
	GlobalSection(SolutionConfigurationPlatforms) = preSolution
		Debug|Any CPU = Debug|Any CPU
		Release|Any CPU = Release|Any CPU
	EndGlobalSection
	GlobalSection(ProjectConfigurationPlatforms) = postSolution
		{F209BB5A-A50E-4FC6-9138-068D32F75FF8}.Debug|Any CPU.ActiveCfg = Debug|Any CPU
		{F209BB5A-A50E-4FC6-9138-068D32F75FF8}.Debug|Any CPU.Build.0 = Debug|Any CPU
		{F209BB5A-A50E-4FC6-9138-068D32F75FF8}.Release|Any CPU.ActiveCfg = Release|Any CPU
		{F209BB5A-A50E-4FC6-9138-068D32F75FF8}.Release|Any CPU.Build.0 = Release|Any CPU
	EndGlobalSection
	GlobalSection(SolutionProperties) = preSolution
		HideSolutionNode = FALSE
	EndGlobalSection
	GlobalSection(ExtensibilityGlobals) = postSolution
		SolutionGuid = {6AD5073B-87B3-4711-A38C-0D42F54E60CE}
	EndGlobalSection
EndGlobal
